
Microsoft Visual Studio Solution File, Format Version 12.00
# Visual Studio Version 16
VisualStudioVersion = 16.0.28803.352
MinimumVisualStudioVersion = 10.0.40219.1
Project("{9A19103F-16F7-4668-BE54-9A1E7A4F7556}") = "recognizer", "recognizer\recognizer.csproj", "{2A8135D5-60E8-42A6-9B77-9C37E2C4C6D5}"
EndProject
Project("{FAE04EC0-301F-11D3-BF4B-00C04F79EFBC}") = "pictureTaker", "pictureTaker\pictureTaker.csproj", "{F06D7CCF-6656-42A8-8226-964E9317B097}"
EndProject
Global
	GlobalSection(SolutionConfigurationPlatforms) = preSolution
		Debug|Any CPU = Debug|Any CPU
		Release|Any CPU = Release|Any CPU
	EndGlobalSection
	GlobalSection(ProjectConfigurationPlatforms) = postSolution
		{2A8135D5-60E8-42A6-9B77-9C37E2C4C6D5}.Debug|Any CPU.ActiveCfg = Debug|Any CPU
		{2A8135D5-60E8-42A6-9B77-9C37E2C4C6D5}.Debug|Any CPU.Build.0 = Debug|Any CPU
		{2A8135D5-60E8-42A6-9B77-9C37E2C4C6D5}.Release|Any CPU.ActiveCfg = Release|Any CPU
		{2A8135D5-60E8-42A6-9B77-9C37E2C4C6D5}.Release|Any CPU.Build.0 = Release|Any CPU
		{F06D7CCF-6656-42A8-8226-964E9317B097}.Debug|Any CPU.ActiveCfg = Debug|Any CPU
		{F06D7CCF-6656-42A8-8226-964E9317B097}.Debug|Any CPU.Build.0 = Debug|Any CPU
		{F06D7CCF-6656-42A8-8226-964E9317B097}.Release|Any CPU.ActiveCfg = Release|Any CPU
		{F06D7CCF-6656-42A8-8226-964E9317B097}.Release|Any CPU.Build.0 = Release|Any CPU
	EndGlobalSection
	GlobalSection(SolutionProperties) = preSolution
		HideSolutionNode = FALSE
	EndGlobalSection
	GlobalSection(ExtensibilityGlobals) = postSolution
		SolutionGuid = {86CEC51F-2CFC-4818-8471-3A8E88194A51}
	EndGlobalSection
EndGlobal
